// !$*UTF8*$!
{
	archiveVersion = 1;
	classes = {
	};
	objectVersion = 52;
	objects = {

/* Begin PBXBuildFile section */
		171EFD8825C3294F00652157 /* AppDelegate.swift in Sources */ = {isa = PBXBuildFile; fileRef = 171EFD8725C3294F00652157 /* AppDelegate.swift */; };
		171EFD8A25C3294F00652157 /* SceneDelegate.swift in Sources */ = {isa = PBXBuildFile; fileRef = 171EFD8925C3294F00652157 /* SceneDelegate.swift */; };
		171EFD9125C3295200652157 /* Assets.xcassets in Resources */ = {isa = PBXBuildFile; fileRef = 171EFD9025C3295200652157 /* Assets.xcassets */; };
		171EFD9425C3295200652157 /* LaunchScreen.storyboard in Resources */ = {isa = PBXBuildFile; fileRef = 171EFD9225C3295200652157 /* LaunchScreen.storyboard */; };
		171EFD9F25C3295200652157 /* MarvelHeroesTests.swift in Sources */ = {isa = PBXBuildFile; fileRef = 171EFD9E25C3295200652157 /* MarvelHeroesTests.swift */; };
		171EFDAA25C3295200652157 /* MarvelHeroesUITests.swift in Sources */ = {isa = PBXBuildFile; fileRef = 171EFDA925C3295200652157 /* MarvelHeroesUITests.swift */; };
		171EFDC525C32CFA00652157 /* HeroList.storyboard in Resources */ = {isa = PBXBuildFile; fileRef = 171EFDC425C32CFA00652157 /* HeroList.storyboard */; };
		171EFE1625C3506D00652157 /* JSONSchemaSupport.swift in Sources */ = {isa = PBXBuildFile; fileRef = 171EFE1525C3506C00652157 /* JSONSchemaSupport.swift */; };
		176E73E925C4627000C89CF7 /* HeroesListPresenter.swift in Sources */ = {isa = PBXBuildFile; fileRef = 176E73E325C4627000C89CF7 /* HeroesListPresenter.swift */; };
		176E73EA25C4627000C89CF7 /* HeroesListWorker.swift in Sources */ = {isa = PBXBuildFile; fileRef = 176E73E425C4627000C89CF7 /* HeroesListWorker.swift */; };
		176E73EB25C4627000C89CF7 /* HeroesListRouter.swift in Sources */ = {isa = PBXBuildFile; fileRef = 176E73E525C4627000C89CF7 /* HeroesListRouter.swift */; };
		176E73EC25C4627000C89CF7 /* HeroesListModels.swift in Sources */ = {isa = PBXBuildFile; fileRef = 176E73E625C4627000C89CF7 /* HeroesListModels.swift */; };
		176E73ED25C4627000C89CF7 /* HeroesListViewController.swift in Sources */ = {isa = PBXBuildFile; fileRef = 176E73E725C4627000C89CF7 /* HeroesListViewController.swift */; };
		176E73EE25C4627000C89CF7 /* HeroesListInteractor.swift in Sources */ = {isa = PBXBuildFile; fileRef = 176E73E825C4627000C89CF7 /* HeroesListInteractor.swift */; };
		1777E52C25C84FC50004D815 /* HeroesListTableViewCell.swift in Sources */ = {isa = PBXBuildFile; fileRef = 1777E52A25C84FC50004D815 /* HeroesListTableViewCell.swift */; };
		1777E52D25C84FC50004D815 /* HeroesListTableViewCell.xib in Resources */ = {isa = PBXBuildFile; fileRef = 1777E52B25C84FC50004D815 /* HeroesListTableViewCell.xib */; };
		1777E53625C8553E0004D815 /* UIImageView+Extensions.swift in Sources */ = {isa = PBXBuildFile; fileRef = 1777E53525C8553E0004D815 /* UIImageView+Extensions.swift */; };
		1777E54125C858980004D815 /* UITableView+Extensions.swift in Sources */ = {isa = PBXBuildFile; fileRef = 1777E54025C858980004D815 /* UITableView+Extensions.swift */; };
		1777E54625C858C20004D815 /* NSObject+Extension.swift in Sources */ = {isa = PBXBuildFile; fileRef = 1777E54525C858C20004D815 /* NSObject+Extension.swift */; };
		1777E54B25C85F610004D815 /* HeroesListViewController+UITableViewDelegates.swift in Sources */ = {isa = PBXBuildFile; fileRef = 1777E54A25C85F610004D815 /* HeroesListViewController+UITableViewDelegates.swift */; };
		1777E55125C871930004D815 /* Kingfisher in Frameworks */ = {isa = PBXBuildFile; productRef = 1777E55025C871930004D815 /* Kingfisher */; };
		1777E56E25C87AE70004D815 /* HeroDetails.storyboard in Resources */ = {isa = PBXBuildFile; fileRef = 1777E56D25C87AE70004D815 /* HeroDetails.storyboard */; };
		1777E57825C87B260004D815 /* HeroDetailsPresenter.swift in Sources */ = {isa = PBXBuildFile; fileRef = 1777E57225C87B250004D815 /* HeroDetailsPresenter.swift */; };
		1777E57925C87B260004D815 /* HeroDetailsWorker.swift in Sources */ = {isa = PBXBuildFile; fileRef = 1777E57325C87B250004D815 /* HeroDetailsWorker.swift */; };
		1777E57A25C87B260004D815 /* HeroDetailsRouter.swift in Sources */ = {isa = PBXBuildFile; fileRef = 1777E57425C87B250004D815 /* HeroDetailsRouter.swift */; };
		1777E57B25C87B260004D815 /* HeroDetailsModels.swift in Sources */ = {isa = PBXBuildFile; fileRef = 1777E57525C87B250004D815 /* HeroDetailsModels.swift */; };
		1777E57C25C87B260004D815 /* HeroDetailsViewController.swift in Sources */ = {isa = PBXBuildFile; fileRef = 1777E57625C87B250004D815 /* HeroDetailsViewController.swift */; };
		1777E57D25C87B260004D815 /* HeroDetailsInteractor.swift in Sources */ = {isa = PBXBuildFile; fileRef = 1777E57725C87B250004D815 /* HeroDetailsInteractor.swift */; };
		1777E58825C8AD900004D815 /* UIAlert+Extension.swift in Sources */ = {isa = PBXBuildFile; fileRef = 1777E58725C8AD900004D815 /* UIAlert+Extension.swift */; };
		1783C7F025C37B01004E4A74 /* APIClient.swift in Sources */ = {isa = PBXBuildFile; fileRef = 1783C7EF25C37B01004E4A74 /* APIClient.swift */; };
		1783C7F525C37B77004E4A74 /* APIRquest.swift in Sources */ = {isa = PBXBuildFile; fileRef = 1783C7F425C37B77004E4A74 /* APIRquest.swift */; };
		1783C7FA25C37CC4004E4A74 /* MarvelResponse.swift in Sources */ = {isa = PBXBuildFile; fileRef = 1783C7F925C37CC4004E4A74 /* MarvelResponse.swift */; };
		1783C7FF25C37CDE004E4A74 /* MarvelError.swift in Sources */ = {isa = PBXBuildFile; fileRef = 1783C7FE25C37CDE004E4A74 /* MarvelError.swift */; };
		1783C80425C37D7B004E4A74 /* DataContainer.swift in Sources */ = {isa = PBXBuildFile; fileRef = 1783C80325C37D7B004E4A74 /* DataContainer.swift */; };
		1783C80925C37DBE004E4A74 /* HeroModel.swift in Sources */ = {isa = PBXBuildFile; fileRef = 1783C80825C37DBE004E4A74 /* HeroModel.swift */; };
		1783C80E25C37E02004E4A74 /* ImageURL.swift in Sources */ = {isa = PBXBuildFile; fileRef = 1783C80D25C37E02004E4A74 /* ImageURL.swift */; };
		1783C81425C37E74004E4A74 /* GetHeroes.swift in Sources */ = {isa = PBXBuildFile; fileRef = 1783C81325C37E74004E4A74 /* GetHeroes.swift */; };
		1783C81D25C37F2A004E4A74 /* HTTPParameter.swift in Sources */ = {isa = PBXBuildFile; fileRef = 1783C81C25C37F2A004E4A74 /* HTTPParameter.swift */; };
		1783C82525C37F5C004E4A74 /* MD5.swift in Sources */ = {isa = PBXBuildFile; fileRef = 1783C82425C37F5C004E4A74 /* MD5.swift */; };
		1783C82A25C37F85004E4A74 /* URLQueryItemDecoder.swift in Sources */ = {isa = PBXBuildFile; fileRef = 1783C82925C37F85004E4A74 /* URLQueryItemDecoder.swift */; };
/* End PBXBuildFile section */

/* Begin PBXContainerItemProxy section */
		171EFD9B25C3295200652157 /* PBXContainerItemProxy */ = {
			isa = PBXContainerItemProxy;
			containerPortal = 171EFD7C25C3294F00652157 /* Project object */;
			proxyType = 1;
			remoteGlobalIDString = 171EFD8325C3294F00652157;
			remoteInfo = MarvelHeroes;
		};
		171EFDA625C3295200652157 /* PBXContainerItemProxy */ = {
			isa = PBXContainerItemProxy;
			containerPortal = 171EFD7C25C3294F00652157 /* Project object */;
			proxyType = 1;
			remoteGlobalIDString = 171EFD8325C3294F00652157;
			remoteInfo = MarvelHeroes;
		};
/* End PBXContainerItemProxy section */

/* Begin PBXFileReference section */
		171EFD8425C3294F00652157 /* MarvelHeroes.app */ = {isa = PBXFileReference; explicitFileType = wrapper.application; includeInIndex = 0; path = MarvelHeroes.app; sourceTree = BUILT_PRODUCTS_DIR; };
		171EFD8725C3294F00652157 /* AppDelegate.swift */ = {isa = PBXFileReference; lastKnownFileType = sourcecode.swift; path = AppDelegate.swift; sourceTree = "<group>"; };
		171EFD8925C3294F00652157 /* SceneDelegate.swift */ = {isa = PBXFileReference; lastKnownFileType = sourcecode.swift; path = SceneDelegate.swift; sourceTree = "<group>"; };
		171EFD9025C3295200652157 /* Assets.xcassets */ = {isa = PBXFileReference; lastKnownFileType = folder.assetcatalog; path = Assets.xcassets; sourceTree = "<group>"; };
		171EFD9325C3295200652157 /* Base */ = {isa = PBXFileReference; lastKnownFileType = file.storyboard; name = Base; path = Base.lproj/LaunchScreen.storyboard; sourceTree = "<group>"; };
		171EFD9525C3295200652157 /* Info.plist */ = {isa = PBXFileReference; lastKnownFileType = text.plist.xml; path = Info.plist; sourceTree = "<group>"; };
		171EFD9A25C3295200652157 /* MarvelHeroesTests.xctest */ = {isa = PBXFileReference; explicitFileType = wrapper.cfbundle; includeInIndex = 0; path = MarvelHeroesTests.xctest; sourceTree = BUILT_PRODUCTS_DIR; };
		171EFD9E25C3295200652157 /* MarvelHeroesTests.swift */ = {isa = PBXFileReference; lastKnownFileType = sourcecode.swift; path = MarvelHeroesTests.swift; sourceTree = "<group>"; };
		171EFDA025C3295200652157 /* Info.plist */ = {isa = PBXFileReference; lastKnownFileType = text.plist.xml; path = Info.plist; sourceTree = "<group>"; };
		171EFDA525C3295200652157 /* MarvelHeroesUITests.xctest */ = {isa = PBXFileReference; explicitFileType = wrapper.cfbundle; includeInIndex = 0; path = MarvelHeroesUITests.xctest; sourceTree = BUILT_PRODUCTS_DIR; };
		171EFDA925C3295200652157 /* MarvelHeroesUITests.swift */ = {isa = PBXFileReference; lastKnownFileType = sourcecode.swift; path = MarvelHeroesUITests.swift; sourceTree = "<group>"; };
		171EFDAB25C3295200652157 /* Info.plist */ = {isa = PBXFileReference; lastKnownFileType = text.plist.xml; path = Info.plist; sourceTree = "<group>"; };
		171EFDC425C32CFA00652157 /* HeroList.storyboard */ = {isa = PBXFileReference; lastKnownFileType = file.storyboard; path = HeroList.storyboard; sourceTree = "<group>"; };
		171EFE1525C3506C00652157 /* JSONSchemaSupport.swift */ = {isa = PBXFileReference; lastKnownFileType = sourcecode.swift; path = JSONSchemaSupport.swift; sourceTree = "<group>"; };
		176E73E325C4627000C89CF7 /* HeroesListPresenter.swift */ = {isa = PBXFileReference; lastKnownFileType = sourcecode.swift; path = HeroesListPresenter.swift; sourceTree = "<group>"; };
		176E73E425C4627000C89CF7 /* HeroesListWorker.swift */ = {isa = PBXFileReference; lastKnownFileType = sourcecode.swift; path = HeroesListWorker.swift; sourceTree = "<group>"; };
		176E73E525C4627000C89CF7 /* HeroesListRouter.swift */ = {isa = PBXFileReference; lastKnownFileType = sourcecode.swift; path = HeroesListRouter.swift; sourceTree = "<group>"; };
		176E73E625C4627000C89CF7 /* HeroesListModels.swift */ = {isa = PBXFileReference; lastKnownFileType = sourcecode.swift; path = HeroesListModels.swift; sourceTree = "<group>"; };
		176E73E725C4627000C89CF7 /* HeroesListViewController.swift */ = {isa = PBXFileReference; lastKnownFileType = sourcecode.swift; path = HeroesListViewController.swift; sourceTree = "<group>"; };
		176E73E825C4627000C89CF7 /* HeroesListInteractor.swift */ = {isa = PBXFileReference; lastKnownFileType = sourcecode.swift; path = HeroesListInteractor.swift; sourceTree = "<group>"; };
		1777E52A25C84FC50004D815 /* HeroesListTableViewCell.swift */ = {isa = PBXFileReference; lastKnownFileType = sourcecode.swift; path = HeroesListTableViewCell.swift; sourceTree = "<group>"; };
		1777E52B25C84FC50004D815 /* HeroesListTableViewCell.xib */ = {isa = PBXFileReference; lastKnownFileType = file.xib; path = HeroesListTableViewCell.xib; sourceTree = "<group>"; };
		1777E53525C8553E0004D815 /* UIImageView+Extensions.swift */ = {isa = PBXFileReference; lastKnownFileType = sourcecode.swift; path = "UIImageView+Extensions.swift"; sourceTree = "<group>"; };
		1777E54025C858980004D815 /* UITableView+Extensions.swift */ = {isa = PBXFileReference; lastKnownFileType = sourcecode.swift; path = "UITableView+Extensions.swift"; sourceTree = "<group>"; };
		1777E54525C858C20004D815 /* NSObject+Extension.swift */ = {isa = PBXFileReference; lastKnownFileType = sourcecode.swift; path = "NSObject+Extension.swift"; sourceTree = "<group>"; };
		1777E54A25C85F610004D815 /* HeroesListViewController+UITableViewDelegates.swift */ = {isa = PBXFileReference; lastKnownFileType = sourcecode.swift; path = "HeroesListViewController+UITableViewDelegates.swift"; sourceTree = "<group>"; };
		1777E56D25C87AE70004D815 /* HeroDetails.storyboard */ = {isa = PBXFileReference; lastKnownFileType = file.storyboard; path = HeroDetails.storyboard; sourceTree = "<group>"; };
		1777E57225C87B250004D815 /* HeroDetailsPresenter.swift */ = {isa = PBXFileReference; lastKnownFileType = sourcecode.swift; path = HeroDetailsPresenter.swift; sourceTree = "<group>"; };
		1777E57325C87B250004D815 /* HeroDetailsWorker.swift */ = {isa = PBXFileReference; lastKnownFileType = sourcecode.swift; path = HeroDetailsWorker.swift; sourceTree = "<group>"; };
		1777E57425C87B250004D815 /* HeroDetailsRouter.swift */ = {isa = PBXFileReference; lastKnownFileType = sourcecode.swift; path = HeroDetailsRouter.swift; sourceTree = "<group>"; };
		1777E57525C87B250004D815 /* HeroDetailsModels.swift */ = {isa = PBXFileReference; lastKnownFileType = sourcecode.swift; path = HeroDetailsModels.swift; sourceTree = "<group>"; };
		1777E57625C87B250004D815 /* HeroDetailsViewController.swift */ = {isa = PBXFileReference; lastKnownFileType = sourcecode.swift; path = HeroDetailsViewController.swift; sourceTree = "<group>"; };
		1777E57725C87B250004D815 /* HeroDetailsInteractor.swift */ = {isa = PBXFileReference; lastKnownFileType = sourcecode.swift; path = HeroDetailsInteractor.swift; sourceTree = "<group>"; };
		1777E58725C8AD900004D815 /* UIAlert+Extension.swift */ = {isa = PBXFileReference; lastKnownFileType = sourcecode.swift; path = "UIAlert+Extension.swift"; sourceTree = "<group>"; };
		1783C7EF25C37B01004E4A74 /* APIClient.swift */ = {isa = PBXFileReference; lastKnownFileType = sourcecode.swift; path = APIClient.swift; sourceTree = "<group>"; };
		1783C7F425C37B77004E4A74 /* APIRquest.swift */ = {isa = PBXFileReference; lastKnownFileType = sourcecode.swift; path = APIRquest.swift; sourceTree = "<group>"; };
		1783C7F925C37CC4004E4A74 /* MarvelResponse.swift */ = {isa = PBXFileReference; lastKnownFileType = sourcecode.swift; path = MarvelResponse.swift; sourceTree = "<group>"; };
		1783C7FE25C37CDE004E4A74 /* MarvelError.swift */ = {isa = PBXFileReference; lastKnownFileType = sourcecode.swift; path = MarvelError.swift; sourceTree = "<group>"; };
		1783C80325C37D7B004E4A74 /* DataContainer.swift */ = {isa = PBXFileReference; lastKnownFileType = sourcecode.swift; path = DataContainer.swift; sourceTree = "<group>"; };
		1783C80825C37DBE004E4A74 /* HeroModel.swift */ = {isa = PBXFileReference; lastKnownFileType = sourcecode.swift; path = HeroModel.swift; sourceTree = "<group>"; };
		1783C80D25C37E02004E4A74 /* ImageURL.swift */ = {isa = PBXFileReference; lastKnownFileType = sourcecode.swift; path = ImageURL.swift; sourceTree = "<group>"; };
		1783C81325C37E74004E4A74 /* GetHeroes.swift */ = {isa = PBXFileReference; lastKnownFileType = sourcecode.swift; path = GetHeroes.swift; sourceTree = "<group>"; };
		1783C81C25C37F2A004E4A74 /* HTTPParameter.swift */ = {isa = PBXFileReference; lastKnownFileType = sourcecode.swift; path = HTTPParameter.swift; sourceTree = "<group>"; };
		1783C82425C37F5C004E4A74 /* MD5.swift */ = {isa = PBXFileReference; lastKnownFileType = sourcecode.swift; path = MD5.swift; sourceTree = "<group>"; };
		1783C82925C37F85004E4A74 /* URLQueryItemDecoder.swift */ = {isa = PBXFileReference; lastKnownFileType = sourcecode.swift; path = URLQueryItemDecoder.swift; sourceTree = "<group>"; };
/* End PBXFileReference section */

/* Begin PBXFrameworksBuildPhase section */
		171EFD8125C3294F00652157 /* Frameworks */ = {
			isa = PBXFrameworksBuildPhase;
			buildActionMask = 2147483647;
			files = (
				1777E55125C871930004D815 /* Kingfisher in Frameworks */,
			);
			runOnlyForDeploymentPostprocessing = 0;
		};
		171EFD9725C3295200652157 /* Frameworks */ = {
			isa = PBXFrameworksBuildPhase;
			buildActionMask = 2147483647;
			files = (
			);
			runOnlyForDeploymentPostprocessing = 0;
		};
		171EFDA225C3295200652157 /* Frameworks */ = {
			isa = PBXFrameworksBuildPhase;
			buildActionMask = 2147483647;
			files = (
			);
			runOnlyForDeploymentPostprocessing = 0;
		};
/* End PBXFrameworksBuildPhase section */

/* Begin PBXGroup section */
		171EFD7B25C3294F00652157 = {
			isa = PBXGroup;
			children = (
				171EFD8625C3294F00652157 /* MarvelHeroes */,
				171EFD9D25C3295200652157 /* MarvelHeroesTests */,
				171EFDA825C3295200652157 /* MarvelHeroesUITests */,
				171EFD8525C3294F00652157 /* Products */,
			);
			sourceTree = "<group>";
		};
		171EFD8525C3294F00652157 /* Products */ = {
			isa = PBXGroup;
			children = (
				171EFD8425C3294F00652157 /* MarvelHeroes.app */,
				171EFD9A25C3295200652157 /* MarvelHeroesTests.xctest */,
				171EFDA525C3295200652157 /* MarvelHeroesUITests.xctest */,
			);
			name = Products;
			sourceTree = "<group>";
		};
		171EFD8625C3294F00652157 /* MarvelHeroes */ = {
			isa = PBXGroup;
			children = (
				171EFD9525C3295200652157 /* Info.plist */,
				171EFDBB25C32BC300652157 /* Config */,
				171EFDBA25C32BB100652157 /* app */,
				171EFD9025C3295200652157 /* Assets.xcassets */,
				171EFD9225C3295200652157 /* LaunchScreen.storyboard */,
			);
			path = MarvelHeroes;
			sourceTree = "<group>";
		};
		171EFD9D25C3295200652157 /* MarvelHeroesTests */ = {
			isa = PBXGroup;
			children = (
				171EFD9E25C3295200652157 /* MarvelHeroesTests.swift */,
				171EFDA025C3295200652157 /* Info.plist */,
			);
			path = MarvelHeroesTests;
			sourceTree = "<group>";
		};
		171EFDA825C3295200652157 /* MarvelHeroesUITests */ = {
			isa = PBXGroup;
			children = (
				171EFDA925C3295200652157 /* MarvelHeroesUITests.swift */,
				171EFDAB25C3295200652157 /* Info.plist */,
			);
			path = MarvelHeroesUITests;
			sourceTree = "<group>";
		};
		171EFDBA25C32BB100652157 /* app */ = {
			isa = PBXGroup;
			children = (
				17B8383425C365A000561B09 /* Scenes */,
				171EFDBF25C32C1F00652157 /* Service */,
				171EFDBE25C32C1800652157 /* Models */,
			);
			path = app;
			sourceTree = "<group>";
		};
		171EFDBB25C32BC300652157 /* Config */ = {
			isa = PBXGroup;
			children = (
				171EFE1425C3505100652157 /* Helpers */,
				171EFD8725C3294F00652157 /* AppDelegate.swift */,
				171EFD8925C3294F00652157 /* SceneDelegate.swift */,
			);
			path = Config;
			sourceTree = "<group>";
		};
		171EFDBD25C32BF700652157 /* HeroDetails */ = {
			isa = PBXGroup;
			children = (
				1777E56B25C87AB70004D815 /* Views */,
				1777E57225C87B250004D815 /* HeroDetailsPresenter.swift */,
				1777E57325C87B250004D815 /* HeroDetailsWorker.swift */,
				1777E57425C87B250004D815 /* HeroDetailsRouter.swift */,
				1777E57525C87B250004D815 /* HeroDetailsModels.swift */,
				1777E57625C87B250004D815 /* HeroDetailsViewController.swift */,
				1777E57725C87B250004D815 /* HeroDetailsInteractor.swift */,
			);
			path = HeroDetails;
			sourceTree = "<group>";
		};
		171EFDBE25C32C1800652157 /* Models */ = {
			isa = PBXGroup;
			children = (
				1783C7F925C37CC4004E4A74 /* MarvelResponse.swift */,
				1783C80D25C37E02004E4A74 /* ImageURL.swift */,
				1783C80325C37D7B004E4A74 /* DataContainer.swift */,
				1783C80825C37DBE004E4A74 /* HeroModel.swift */,
			);
			path = Models;
			sourceTree = "<group>";
		};
		171EFDBF25C32C1F00652157 /* Service */ = {
			isa = PBXGroup;
			children = (
				1783C81B25C37F18004E4A74 /* Utils */,
				1783C81225C37E68004E4A74 /* Requests */,
				1783C7EF25C37B01004E4A74 /* APIClient.swift */,
				1783C7F425C37B77004E4A74 /* APIRquest.swift */,
				1783C7FE25C37CDE004E4A74 /* MarvelError.swift */,
			);
			path = Service;
			sourceTree = "<group>";
		};
		171EFDC325C32CD700652157 /* Views */ = {
			isa = PBXGroup;
			children = (
				1777E52925C84F8A0004D815 /* Cell */,
				171EFDC425C32CFA00652157 /* HeroList.storyboard */,
			);
			path = Views;
			sourceTree = "<group>";
		};
		171EFE1425C3505100652157 /* Helpers */ = {
			isa = PBXGroup;
			children = (
				1777E53425C8552D0004D815 /* Extensions */,
				171EFE1525C3506C00652157 /* JSONSchemaSupport.swift */,
			);
			path = Helpers;
			sourceTree = "<group>";
		};
		176E73E225C4623E00C89CF7 /* HeroesList */ = {
			isa = PBXGroup;
			children = (
				171EFDC325C32CD700652157 /* Views */,
				176E73E325C4627000C89CF7 /* HeroesListPresenter.swift */,
				176E73E425C4627000C89CF7 /* HeroesListWorker.swift */,
				176E73E525C4627000C89CF7 /* HeroesListRouter.swift */,
				176E73E625C4627000C89CF7 /* HeroesListModels.swift */,
				176E73E725C4627000C89CF7 /* HeroesListViewController.swift */,
				1777E54A25C85F610004D815 /* HeroesListViewController+UITableViewDelegates.swift */,
				176E73E825C4627000C89CF7 /* HeroesListInteractor.swift */,
			);
			path = HeroesList;
			sourceTree = "<group>";
		};
		1777E52925C84F8A0004D815 /* Cell */ = {
			isa = PBXGroup;
			children = (
				1777E52A25C84FC50004D815 /* HeroesListTableViewCell.swift */,
				1777E52B25C84FC50004D815 /* HeroesListTableViewCell.xib */,
			);
			path = Cell;
			sourceTree = "<group>";
		};
		1777E53425C8552D0004D815 /* Extensions */ = {
			isa = PBXGroup;
			children = (
				1777E53525C8553E0004D815 /* UIImageView+Extensions.swift */,
				1777E54025C858980004D815 /* UITableView+Extensions.swift */,
				1777E54525C858C20004D815 /* NSObject+Extension.swift */,
				1777E58725C8AD900004D815 /* UIAlert+Extension.swift */,
			);
			path = Extensions;
			sourceTree = "<group>";
		};
		1777E56B25C87AB70004D815 /* Views */ = {
			isa = PBXGroup;
			children = (
				1777E56D25C87AE70004D815 /* HeroDetails.storyboard */,
			);
			path = Views;
			sourceTree = "<group>";
		};
		1783C81225C37E68004E4A74 /* Requests */ = {
			isa = PBXGroup;
			children = (
				1783C81325C37E74004E4A74 /* GetHeroes.swift */,
			);
			path = Requests;
			sourceTree = "<group>";
		};
		1783C81B25C37F18004E4A74 /* Utils */ = {
			isa = PBXGroup;
			children = (
				1783C81C25C37F2A004E4A74 /* HTTPParameter.swift */,
				1783C82925C37F85004E4A74 /* URLQueryItemDecoder.swift */,
				1783C82425C37F5C004E4A74 /* MD5.swift */,
			);
			path = Utils;
			sourceTree = "<group>";
		};
		17B8383425C365A000561B09 /* Scenes */ = {
			isa = PBXGroup;
			children = (
				176E73E225C4623E00C89CF7 /* HeroesList */,
				171EFDBD25C32BF700652157 /* HeroDetails */,
			);
			path = Scenes;
			sourceTree = "<group>";
		};
/* End PBXGroup section */

/* Begin PBXNativeTarget section */
		171EFD8325C3294F00652157 /* MarvelHeroes */ = {
			isa = PBXNativeTarget;
			buildConfigurationList = 171EFDAE25C3295200652157 /* Build configuration list for PBXNativeTarget "MarvelHeroes" */;
			buildPhases = (
				171EFD8025C3294F00652157 /* Sources */,
				171EFD8125C3294F00652157 /* Frameworks */,
				171EFD8225C3294F00652157 /* Resources */,
			);
			buildRules = (
			);
			dependencies = (
			);
			name = MarvelHeroes;
			packageProductDependencies = (
				1777E55025C871930004D815 /* Kingfisher */,
			);
			productName = MarvelHeroes;
			productReference = 171EFD8425C3294F00652157 /* MarvelHeroes.app */;
			productType = "com.apple.product-type.application";
		};
		171EFD9925C3295200652157 /* MarvelHeroesTests */ = {
			isa = PBXNativeTarget;
			buildConfigurationList = 171EFDB125C3295200652157 /* Build configuration list for PBXNativeTarget "MarvelHeroesTests" */;
			buildPhases = (
				171EFD9625C3295200652157 /* Sources */,
				171EFD9725C3295200652157 /* Frameworks */,
				171EFD9825C3295200652157 /* Resources */,
			);
			buildRules = (
			);
			dependencies = (
				171EFD9C25C3295200652157 /* PBXTargetDependency */,
			);
			name = MarvelHeroesTests;
			productName = MarvelHeroesTests;
			productReference = 171EFD9A25C3295200652157 /* MarvelHeroesTests.xctest */;
			productType = "com.apple.product-type.bundle.unit-test";
		};
		171EFDA425C3295200652157 /* MarvelHeroesUITests */ = {
			isa = PBXNativeTarget;
			buildConfigurationList = 171EFDB425C3295200652157 /* Build configuration list for PBXNativeTarget "MarvelHeroesUITests" */;
			buildPhases = (
				171EFDA125C3295200652157 /* Sources */,
				171EFDA225C3295200652157 /* Frameworks */,
				171EFDA325C3295200652157 /* Resources */,
			);
			buildRules = (
			);
			dependencies = (
				171EFDA725C3295200652157 /* PBXTargetDependency */,
			);
			name = MarvelHeroesUITests;
			productName = MarvelHeroesUITests;
			productReference = 171EFDA525C3295200652157 /* MarvelHeroesUITests.xctest */;
			productType = "com.apple.product-type.bundle.ui-testing";
		};
/* End PBXNativeTarget section */

/* Begin PBXProject section */
		171EFD7C25C3294F00652157 /* Project object */ = {
			isa = PBXProject;
			attributes = {
				LastSwiftUpdateCheck = 1230;
				LastUpgradeCheck = 1230;
				TargetAttributes = {
					171EFD8325C3294F00652157 = {
						CreatedOnToolsVersion = 12.3;
					};
					171EFD9925C3295200652157 = {
						CreatedOnToolsVersion = 12.3;
						TestTargetID = 171EFD8325C3294F00652157;
					};
					171EFDA425C3295200652157 = {
						CreatedOnToolsVersion = 12.3;
						TestTargetID = 171EFD8325C3294F00652157;
					};
				};
			};
			buildConfigurationList = 171EFD7F25C3294F00652157 /* Build configuration list for PBXProject "MarvelHeroes" */;
			compatibilityVersion = "Xcode 9.3";
			developmentRegion = en;
			hasScannedForEncodings = 0;
			knownRegions = (
				en,
				Base,
			);
			mainGroup = 171EFD7B25C3294F00652157;
			packageReferences = (
				1777E54F25C871930004D815 /* XCRemoteSwiftPackageReference "Kingfisher" */,
			);
			productRefGroup = 171EFD8525C3294F00652157 /* Products */;
			projectDirPath = "";
			projectRoot = "";
			targets = (
				171EFD8325C3294F00652157 /* MarvelHeroes */,
				171EFD9925C3295200652157 /* MarvelHeroesTests */,
				171EFDA425C3295200652157 /* MarvelHeroesUITests */,
			);
		};
/* End PBXProject section */

/* Begin PBXResourcesBuildPhase section */
		171EFD8225C3294F00652157 /* Resources */ = {
			isa = PBXResourcesBuildPhase;
			buildActionMask = 2147483647;
			files = (
				1777E56E25C87AE70004D815 /* HeroDetails.storyboard in Resources */,
				171EFD9425C3295200652157 /* LaunchScreen.storyboard in Resources */,
				1777E52D25C84FC50004D815 /* HeroesListTableViewCell.xib in Resources */,
				171EFD9125C3295200652157 /* Assets.xcassets in Resources */,
				171EFDC525C32CFA00652157 /* HeroList.storyboard in Resources */,
			);
			runOnlyForDeploymentPostprocessing = 0;
		};
		171EFD9825C3295200652157 /* Resources */ = {
			isa = PBXResourcesBuildPhase;
			buildActionMask = 2147483647;
			files = (
			);
			runOnlyForDeploymentPostprocessing = 0;
		};
		171EFDA325C3295200652157 /* Resources */ = {
			isa = PBXResourcesBuildPhase;
			buildActionMask = 2147483647;
			files = (
			);
			runOnlyForDeploymentPostprocessing = 0;
		};
/* End PBXResourcesBuildPhase section */

/* Begin PBXSourcesBuildPhase section */
		171EFD8025C3294F00652157 /* Sources */ = {
			isa = PBXSourcesBuildPhase;
			buildActionMask = 2147483647;
			files = (
				1777E53625C8553E0004D815 /* UIImageView+Extensions.swift in Sources */,
				1777E57925C87B260004D815 /* HeroDetailsWorker.swift in Sources */,
				176E73EC25C4627000C89CF7 /* HeroesListModels.swift in Sources */,
				171EFD8825C3294F00652157 /* AppDelegate.swift in Sources */,
				1783C7F525C37B77004E4A74 /* APIRquest.swift in Sources */,
				1783C82525C37F5C004E4A74 /* MD5.swift in Sources */,
				1777E57825C87B260004D815 /* HeroDetailsPresenter.swift in Sources */,
				1777E54B25C85F610004D815 /* HeroesListViewController+UITableViewDelegates.swift in Sources */,
				171EFE1625C3506D00652157 /* JSONSchemaSupport.swift in Sources */,
				1783C80425C37D7B004E4A74 /* DataContainer.swift in Sources */,
				1783C80925C37DBE004E4A74 /* HeroModel.swift in Sources */,
				1777E57C25C87B260004D815 /* HeroDetailsViewController.swift in Sources */,
				176E73EB25C4627000C89CF7 /* HeroesListRouter.swift in Sources */,
				1777E54125C858980004D815 /* UITableView+Extensions.swift in Sources */,
				1783C81425C37E74004E4A74 /* GetHeroes.swift in Sources */,
				1783C7F025C37B01004E4A74 /* APIClient.swift in Sources */,
				1777E58825C8AD900004D815 /* UIAlert+Extension.swift in Sources */,
				176E73E925C4627000C89CF7 /* HeroesListPresenter.swift in Sources */,
				1783C81D25C37F2A004E4A74 /* HTTPParameter.swift in Sources */,
				1783C82A25C37F85004E4A74 /* URLQueryItemDecoder.swift in Sources */,
				1783C80E25C37E02004E4A74 /* ImageURL.swift in Sources */,
				171EFD8A25C3294F00652157 /* SceneDelegate.swift in Sources */,
				1777E52C25C84FC50004D815 /* HeroesListTableViewCell.swift in Sources */,
				1783C7FF25C37CDE004E4A74 /* MarvelError.swift in Sources */,
				1777E57D25C87B260004D815 /* HeroDetailsInteractor.swift in Sources */,
				176E73ED25C4627000C89CF7 /* HeroesListViewController.swift in Sources */,
				1777E54625C858C20004D815 /* NSObject+Extension.swift in Sources */,
				1777E57B25C87B260004D815 /* HeroDetailsModels.swift in Sources */,
				176E73EE25C4627000C89CF7 /* HeroesListInteractor.swift in Sources */,
				176E73EA25C4627000C89CF7 /* HeroesListWorker.swift in Sources */,
				1783C7FA25C37CC4004E4A74 /* MarvelResponse.swift in Sources */,
				1777E57A25C87B260004D815 /* HeroDetailsRouter.swift in Sources */,
			);
			runOnlyForDeploymentPostprocessing = 0;
		};
		171EFD9625C3295200652157 /* Sources */ = {
			isa = PBXSourcesBuildPhase;
			buildActionMask = 2147483647;
			files = (
				171EFD9F25C3295200652157 /* MarvelHeroesTests.swift in Sources */,
			);
			runOnlyForDeploymentPostprocessing = 0;
		};
		171EFDA125C3295200652157 /* Sources */ = {
			isa = PBXSourcesBuildPhase;
			buildActionMask = 2147483647;
			files = (
				171EFDAA25C3295200652157 /* MarvelHeroesUITests.swift in Sources */,
			);
			runOnlyForDeploymentPostprocessing = 0;
		};
/* End PBXSourcesBuildPhase section */

/* Begin PBXTargetDependency section */
		171EFD9C25C3295200652157 /* PBXTargetDependency */ = {
			isa = PBXTargetDependency;
			target = 171EFD8325C3294F00652157 /* MarvelHeroes */;
			targetProxy = 171EFD9B25C3295200652157 /* PBXContainerItemProxy */;
		};
		171EFDA725C3295200652157 /* PBXTargetDependency */ = {
			isa = PBXTargetDependency;
			target = 171EFD8325C3294F00652157 /* MarvelHeroes */;
			targetProxy = 171EFDA625C3295200652157 /* PBXContainerItemProxy */;
		};
/* End PBXTargetDependency section */

/* Begin PBXVariantGroup section */
		171EFD9225C3295200652157 /* LaunchScreen.storyboard */ = {
			isa = PBXVariantGroup;
			children = (
				171EFD9325C3295200652157 /* Base */,
			);
			name = LaunchScreen.storyboard;
			sourceTree = "<group>";
		};
/* End PBXVariantGroup section */

/* Begin XCBuildConfiguration section */
		171EFDAC25C3295200652157 /* Debug */ = {
			isa = XCBuildConfiguration;
			buildSettings = {
				ALWAYS_SEARCH_USER_PATHS = NO;
				CLANG_ANALYZER_NONNULL = YES;
				CLANG_ANALYZER_NUMBER_OBJECT_CONVERSION = YES_AGGRESSIVE;
				CLANG_CXX_LANGUAGE_STANDARD = "gnu++14";
				CLANG_CXX_LIBRARY = "libc++";
				CLANG_ENABLE_MODULES = YES;
				CLANG_ENABLE_OBJC_ARC = YES;
				CLANG_ENABLE_OBJC_WEAK = YES;
				CLANG_WARN_BLOCK_CAPTURE_AUTORELEASING = YES;
				CLANG_WARN_BOOL_CONVERSION = YES;
				CLANG_WARN_COMMA = YES;
				CLANG_WARN_CONSTANT_CONVERSION = YES;
				CLANG_WARN_DEPRECATED_OBJC_IMPLEMENTATIONS = YES;
				CLANG_WARN_DIRECT_OBJC_ISA_USAGE = YES_ERROR;
				CLANG_WARN_DOCUMENTATION_COMMENTS = YES;
				CLANG_WARN_EMPTY_BODY = YES;
				CLANG_WARN_ENUM_CONVERSION = YES;
				CLANG_WARN_INFINITE_RECURSION = YES;
				CLANG_WARN_INT_CONVERSION = YES;
				CLANG_WARN_NON_LITERAL_NULL_CONVERSION = YES;
				CLANG_WARN_OBJC_IMPLICIT_RETAIN_SELF = YES;
				CLANG_WARN_OBJC_LITERAL_CONVERSION = YES;
				CLANG_WARN_OBJC_ROOT_CLASS = YES_ERROR;
				CLANG_WARN_QUOTED_INCLUDE_IN_FRAMEWORK_HEADER = YES;
				CLANG_WARN_RANGE_LOOP_ANALYSIS = YES;
				CLANG_WARN_STRICT_PROTOTYPES = YES;
				CLANG_WARN_SUSPICIOUS_MOVE = YES;
				CLANG_WARN_UNGUARDED_AVAILABILITY = YES_AGGRESSIVE;
				CLANG_WARN_UNREACHABLE_CODE = YES;
				CLANG_WARN__DUPLICATE_METHOD_MATCH = YES;
				COPY_PHASE_STRIP = NO;
				DEBUG_INFORMATION_FORMAT = dwarf;
				ENABLE_STRICT_OBJC_MSGSEND = YES;
				ENABLE_TESTABILITY = YES;
				GCC_C_LANGUAGE_STANDARD = gnu11;
				GCC_DYNAMIC_NO_PIC = NO;
				GCC_NO_COMMON_BLOCKS = YES;
				GCC_OPTIMIZATION_LEVEL = 0;
				GCC_PREPROCESSOR_DEFINITIONS = (
					"DEBUG=1",
					"$(inherited)",
				);
				GCC_WARN_64_TO_32_BIT_CONVERSION = YES;
				GCC_WARN_ABOUT_RETURN_TYPE = YES_ERROR;
				GCC_WARN_UNDECLARED_SELECTOR = YES;
				GCC_WARN_UNINITIALIZED_AUTOS = YES_AGGRESSIVE;
				GCC_WARN_UNUSED_FUNCTION = YES;
				GCC_WARN_UNUSED_VARIABLE = YES;
				IPHONEOS_DEPLOYMENT_TARGET = 14.3;
				MTL_ENABLE_DEBUG_INFO = INCLUDE_SOURCE;
				MTL_FAST_MATH = YES;
				ONLY_ACTIVE_ARCH = YES;
				SDKROOT = iphoneos;
				SWIFT_ACTIVE_COMPILATION_CONDITIONS = DEBUG;
				SWIFT_OPTIMIZATION_LEVEL = "-Onone";
			};
			name = Debug;
		};
		171EFDAD25C3295200652157 /* Release */ = {
			isa = XCBuildConfiguration;
			buildSettings = {
				ALWAYS_SEARCH_USER_PATHS = NO;
				CLANG_ANALYZER_NONNULL = YES;
				CLANG_ANALYZER_NUMBER_OBJECT_CONVERSION = YES_AGGRESSIVE;
				CLANG_CXX_LANGUAGE_STANDARD = "gnu++14";
				CLANG_CXX_LIBRARY = "libc++";
				CLANG_ENABLE_MODULES = YES;
				CLANG_ENABLE_OBJC_ARC = YES;
				CLANG_ENABLE_OBJC_WEAK = YES;
				CLANG_WARN_BLOCK_CAPTURE_AUTORELEASING = YES;
				CLANG_WARN_BOOL_CONVERSION = YES;
				CLANG_WARN_COMMA = YES;
				CLANG_WARN_CONSTANT_CONVERSION = YES;
				CLANG_WARN_DEPRECATED_OBJC_IMPLEMENTATIONS = YES;
				CLANG_WARN_DIRECT_OBJC_ISA_USAGE = YES_ERROR;
				CLANG_WARN_DOCUMENTATION_COMMENTS = YES;
				CLANG_WARN_EMPTY_BODY = YES;
				CLANG_WARN_ENUM_CONVERSION = YES;
				CLANG_WARN_INFINITE_RECURSION = YES;
				CLANG_WARN_INT_CONVERSION = YES;
				CLANG_WARN_NON_LITERAL_NULL_CONVERSION = YES;
				CLANG_WARN_OBJC_IMPLICIT_RETAIN_SELF = YES;
				CLANG_WARN_OBJC_LITERAL_CONVERSION = YES;
				CLANG_WARN_OBJC_ROOT_CLASS = YES_ERROR;
				CLANG_WARN_QUOTED_INCLUDE_IN_FRAMEWORK_HEADER = YES;
				CLANG_WARN_RANGE_LOOP_ANALYSIS = YES;
				CLANG_WARN_STRICT_PROTOTYPES = YES;
				CLANG_WARN_SUSPICIOUS_MOVE = YES;
				CLANG_WARN_UNGUARDED_AVAILABILITY = YES_AGGRESSIVE;
				CLANG_WARN_UNREACHABLE_CODE = YES;
				CLANG_WARN__DUPLICATE_METHOD_MATCH = YES;
				COPY_PHASE_STRIP = NO;
				DEBUG_INFORMATION_FORMAT = "dwarf-with-dsym";
				ENABLE_NS_ASSERTIONS = NO;
				ENABLE_STRICT_OBJC_MSGSEND = YES;
				GCC_C_LANGUAGE_STANDARD = gnu11;
				GCC_NO_COMMON_BLOCKS = YES;
				GCC_WARN_64_TO_32_BIT_CONVERSION = YES;
				GCC_WARN_ABOUT_RETURN_TYPE = YES_ERROR;
				GCC_WARN_UNDECLARED_SELECTOR = YES;
				GCC_WARN_UNINITIALIZED_AUTOS = YES_AGGRESSIVE;
				GCC_WARN_UNUSED_FUNCTION = YES;
				GCC_WARN_UNUSED_VARIABLE = YES;
				IPHONEOS_DEPLOYMENT_TARGET = 14.3;
				MTL_ENABLE_DEBUG_INFO = NO;
				MTL_FAST_MATH = YES;
				SDKROOT = iphoneos;
				SWIFT_COMPILATION_MODE = wholemodule;
				SWIFT_OPTIMIZATION_LEVEL = "-O";
				VALIDATE_PRODUCT = YES;
			};
			name = Release;
		};
		171EFDAF25C3295200652157 /* Debug */ = {
			isa = XCBuildConfiguration;
			buildSettings = {
				ASSETCATALOG_COMPILER_APPICON_NAME = AppIcon;
				ASSETCATALOG_COMPILER_GLOBAL_ACCENT_COLOR_NAME = AccentColor;
				CODE_SIGN_STYLE = Automatic;
				INFOPLIST_FILE = MarvelHeroes/Info.plist;
				LD_RUNPATH_SEARCH_PATHS = (
					"$(inherited)",
					"@executable_path/Frameworks",
				);
				PRODUCT_BUNDLE_IDENTIFIER = joel.sene.MarvelHeroes;
				PRODUCT_NAME = "$(TARGET_NAME)";
				SWIFT_VERSION = 5.0;
				TARGETED_DEVICE_FAMILY = "1,2";
			};
			name = Debug;
		};
		171EFDB025C3295200652157 /* Release */ = {
			isa = XCBuildConfiguration;
			buildSettings = {
				ASSETCATALOG_COMPILER_APPICON_NAME = AppIcon;
				ASSETCATALOG_COMPILER_GLOBAL_ACCENT_COLOR_NAME = AccentColor;
				CODE_SIGN_STYLE = Automatic;
				INFOPLIST_FILE = MarvelHeroes/Info.plist;
				LD_RUNPATH_SEARCH_PATHS = (
					"$(inherited)",
					"@executable_path/Frameworks",
				);
				PRODUCT_BUNDLE_IDENTIFIER = joel.sene.MarvelHeroes;
				PRODUCT_NAME = "$(TARGET_NAME)";
				SWIFT_VERSION = 5.0;
				TARGETED_DEVICE_FAMILY = "1,2";
			};
			name = Release;
		};
		171EFDB225C3295200652157 /* Debug */ = {
			isa = XCBuildConfiguration;
			buildSettings = {
				ALWAYS_EMBED_SWIFT_STANDARD_LIBRARIES = YES;
				BUNDLE_LOADER = "$(TEST_HOST)";
				CODE_SIGN_STYLE = Automatic;
				INFOPLIST_FILE = MarvelHeroesTests/Info.plist;
				IPHONEOS_DEPLOYMENT_TARGET = 14.3;
				LD_RUNPATH_SEARCH_PATHS = (
					"$(inherited)",
					"@executable_path/Frameworks",
					"@loader_path/Frameworks",
				);
				PRODUCT_BUNDLE_IDENTIFIER = joel.sene.MarvelHeroesTests;
				PRODUCT_NAME = "$(TARGET_NAME)";
				SWIFT_VERSION = 5.0;
				TARGETED_DEVICE_FAMILY = "1,2";
				TEST_HOST = "$(BUILT_PRODUCTS_DIR)/MarvelHeroes.app/MarvelHeroes";
			};
			name = Debug;
		};
		171EFDB325C3295200652157 /* Release */ = {
			isa = XCBuildConfiguration;
			buildSettings = {
				ALWAYS_EMBED_SWIFT_STANDARD_LIBRARIES = YES;
				BUNDLE_LOADER = "$(TEST_HOST)";
				CODE_SIGN_STYLE = Automatic;
				INFOPLIST_FILE = MarvelHeroesTests/Info.plist;
				IPHONEOS_DEPLOYMENT_TARGET = 14.3;
				LD_RUNPATH_SEARCH_PATHS = (
					"$(inherited)",
					"@executable_path/Frameworks",
					"@loader_path/Frameworks",
				);
				PRODUCT_BUNDLE_IDENTIFIER = joel.sene.MarvelHeroesTests;
				PRODUCT_NAME = "$(TARGET_NAME)";
				SWIFT_VERSION = 5.0;
				TARGETED_DEVICE_FAMILY = "1,2";
				TEST_HOST = "$(BUILT_PRODUCTS_DIR)/MarvelHeroes.app/MarvelHeroes";
			};
			name = Release;
		};
		171EFDB525C3295200652157 /* Debug */ = {
			isa = XCBuildConfiguration;
			buildSettings = {
				ALWAYS_EMBED_SWIFT_STANDARD_LIBRARIES = YES;
				CODE_SIGN_STYLE = Automatic;
				INFOPLIST_FILE = MarvelHeroesUITests/Info.plist;
				LD_RUNPATH_SEARCH_PATHS = (
					"$(inherited)",
					"@executable_path/Frameworks",
					"@loader_path/Frameworks",
				);
				PRODUCT_BUNDLE_IDENTIFIER = joel.sene.MarvelHeroesUITests;
				PRODUCT_NAME = "$(TARGET_NAME)";
				SWIFT_VERSION = 5.0;
				TARGETED_DEVICE_FAMILY = "1,2";
				TEST_TARGET_NAME = MarvelHeroes;
			};
			name = Debug;
		};
		171EFDB625C3295200652157 /* Release */ = {
			isa = XCBuildConfiguration;
			buildSettings = {
				ALWAYS_EMBED_SWIFT_STANDARD_LIBRARIES = YES;
				CODE_SIGN_STYLE = Automatic;
				INFOPLIST_FILE = MarvelHeroesUITests/Info.plist;
				LD_RUNPATH_SEARCH_PATHS = (
					"$(inherited)",
					"@executable_path/Frameworks",
					"@loader_path/Frameworks",
				);
				PRODUCT_BUNDLE_IDENTIFIER = joel.sene.MarvelHeroesUITests;
				PRODUCT_NAME = "$(TARGET_NAME)";
				SWIFT_VERSION = 5.0;
				TARGETED_DEVICE_FAMILY = "1,2";
				TEST_TARGET_NAME = MarvelHeroes;
			};
			name = Release;
		};
/* End XCBuildConfiguration section */

/* Begin XCConfigurationList section */
		171EFD7F25C3294F00652157 /* Build configuration list for PBXProject "MarvelHeroes" */ = {
			isa = XCConfigurationList;
			buildConfigurations = (
				171EFDAC25C3295200652157 /* Debug */,
				171EFDAD25C3295200652157 /* Release */,
			);
			defaultConfigurationIsVisible = 0;
			defaultConfigurationName = Release;
		};
		171EFDAE25C3295200652157 /* Build configuration list for PBXNativeTarget "MarvelHeroes" */ = {
			isa = XCConfigurationList;
			buildConfigurations = (
				171EFDAF25C3295200652157 /* Debug */,
				171EFDB025C3295200652157 /* Release */,
			);
			defaultConfigurationIsVisible = 0;
			defaultConfigurationName = Release;
		};
		171EFDB125C3295200652157 /* Build configuration list for PBXNativeTarget "MarvelHeroesTests" */ = {
			isa = XCConfigurationList;
			buildConfigurations = (
				171EFDB225C3295200652157 /* Debug */,
				171EFDB325C3295200652157 /* Release */,
			);
			defaultConfigurationIsVisible = 0;
			defaultConfigurationName = Release;
		};
		171EFDB425C3295200652157 /* Build configuration list for PBXNativeTarget "MarvelHeroesUITests" */ = {
			isa = XCConfigurationList;
			buildConfigurations = (
				171EFDB525C3295200652157 /* Debug */,
				171EFDB625C3295200652157 /* Release */,
			);
			defaultConfigurationIsVisible = 0;
			defaultConfigurationName = Release;
		};
/* End XCConfigurationList section */

/* Begin XCRemoteSwiftPackageReference section */
		1777E54F25C871930004D815 /* XCRemoteSwiftPackageReference "Kingfisher" */ = {
			isa = XCRemoteSwiftPackageReference;
			repositoryURL = "https://github.com/onevcat/Kingfisher.git";
			requirement = {
				kind = upToNextMajorVersion;
				minimumVersion = 6.1.0;
			};
		};
/* End XCRemoteSwiftPackageReference section */

/* Begin XCSwiftPackageProductDependency section */
		1777E55025C871930004D815 /* Kingfisher */ = {
			isa = XCSwiftPackageProductDependency;
			package = 1777E54F25C871930004D815 /* XCRemoteSwiftPackageReference "Kingfisher" */;
			productName = Kingfisher;
		};
/* End XCSwiftPackageProductDependency section */
	};
	rootObject = 171EFD7C25C3294F00652157 /* Project object */;
}
